{
  "lockfile-version": 1,
  "manifest": {
    "schema-version": "1.11.0",
    "install": {
      "go-task": {
        "pkg-path": "go-task"
      }
    },
    "vars": {
      "FLOX_DISABLE_METRICS": "true"
    },
    "hook": {},
    "profile": {},
    "options": {
      "systems": [
        "aarch64-darwin",
        "aarch64-linux",
        "x86_64-linux"
      ]
    }
  },
  "packages": [
    {
      "attr_path": "go-task",
      "broken": false,
      "derivation": "/nix/store/d75iigh6jr411wnb6gk1dqwy6ybv4a07-go-task-3.48.0.drv",
      "description": "Task runner / simpler Make alternative written in Go",
      "install_id": "go-task",
      "license": "MIT",
      "locked_url": "https://github.com/flox/nixpkgs?rev=4c1018dae018162ec878d42fec712642d214fdfa",
      "name": "go-task-3.48.0",
      "pname": "go-task",
      "rev": "4c1018dae018162ec878d42fec712642d214fdfa",
      "rev_count": 977467,
      "rev_date": "2026-04-09T04:48:10Z",
      "scrape_date": "2026-04-11T06:03:34.376670Z",
      "stabilities": [
        "unstable"
      ],
      "unfree": false,
      "version": "3.48.0",
      "outputs_to_install": [
        "out"
      ],
      "outputs": {
        "out": "/nix/store/sab4xhgi6cs6rnxsx33dxqg2zcir52rm-go-task-3.48.0"
      },
      "system": "aarch64-darwin",
      "group": "toplevel",
      "priority": 5
    },
    {
      "attr_path": "go-task",
      "broken": false,
      "derivation": "/nix/store/4yafn203k3iq871ahgmlk39lyb976lvr-go-task-3.48.0.drv",
      "description": "Task runner / simpler Make alternative written in Go",
      "install_id": "go-task",
      "license": "MIT",
      "locked_url": "https://github.com/flox/nixpkgs?rev=4c1018dae018162ec878d42fec712642d214fdfa",
      "name": "go-task-3.48.0",
      "pname": "go-task",
      "rev": "4c1018dae018162ec878d42fec712642d214fdfa",
      "rev_count": 977467,
      "rev_date": "2026-04-09T04:48:10Z",
      "scrape_date": "2026-04-11T06:35:00.986483Z",
      "stabilities": [
        "unstable"
      ],
      "unfree": false,
      "version": "3.48.0",
      "outputs_to_install": [
        "out"
      ],
      "outputs": {
        "out": "/nix/store/cidnjfhcp1qyxjih6qaa61hfyxy5k5ap-go-task-3.48.0"
      },
      "system": "aarch64-linux",
      "group": "toplevel",
      "priority": 5
    },
    {
      "attr_path": "go-task",
      "broken": false,
      "derivation": "/nix/store/f2xbx67ryzzcxd851bwnc5jcgxb4a032-go-task-3.48.0.drv",
      "description": "Task runner / simpler Make alternative written in Go",
      "install_id": "go-task",
      "license": "MIT",
      "locked_url": "https://github.com/flox/nixpkgs?rev=4c1018dae018162ec878d42fec712642d214fdfa",
      "name": "go-task-3.48.0",
      "pname": "go-task",
      "rev": "4c1018dae018162ec878d42fec712642d214fdfa",
      "rev_count": 977467,
      "rev_date": "2026-04-09T04:48:10Z",
      "scrape_date": "2026-04-11T07:39:15.248586Z",
      "stabilities": [
        "unstable"
      ],
      "unfree": false,
      "version": "3.48.0",
      "outputs_to_install": [
        "out"
      ],
      "outputs": {
        "out": "/nix/store/qxs1p264gzz3nficzss2nsp7fs5cdi31-go-task-3.48.0"
      },
      "system": "x86_64-linux",
      "group": "toplevel",
      "priority": 5
    }
  ]
}
