{
  "lockfile-version": 1,
  "manifest": {
    "schema-version": "1.12.0",
    "install": {
      "go-task": {
        "pkg-path": "go-task"
      }
    },
    "vars": {
      "FLOX_DISABLE_METRICS": "true"
    },
    "hook": {},
    "profile": {},
    "options": {
      "systems": [
        "aarch64-darwin",
        "aarch64-linux",
        "x86_64-linux"
      ]
    }
  },
  "packages": [
    {
      "attr_path": "go-task",
      "broken": false,
      "derivation": "/nix/store/2r9lnyrn8wq43g5a5g6ryq54m037k0wb-go-task-3.48.0.drv",
      "description": "Task runner / simpler Make alternative written in Go",
      "install_id": "go-task",
      "license": "MIT",
      "locked_url": "https://github.com/flox/nixpkgs?rev=331800de5053fcebacf6813adb5db9c9dca22a0c",
      "name": "go-task-3.48.0",
      "pname": "go-task",
      "rev": "331800de5053fcebacf6813adb5db9c9dca22a0c",
      "rev_count": 1008282,
      "rev_date": "2026-05-31T16:09:29Z",
      "scrape_date": "2026-06-02T08:55:41.317321Z",
      "stabilities": [
        "staging",
        "unstable"
      ],
      "unfree": false,
      "version": "3.48.0",
      "outputs_to_install": [
        "out"
      ],
      "outputs": {
        "out": "/nix/store/hg0sx6ah2pinw09i8s3gwicq1x54gbvn-go-task-3.48.0"
      },
      "system": "aarch64-darwin",
      "group": "toplevel",
      "priority": 5
    },
    {
      "attr_path": "go-task",
      "broken": false,
      "derivation": "/nix/store/683gh2hy7c3cgyfdqjcbvwvbay9vcbmh-go-task-3.48.0.drv",
      "description": "Task runner / simpler Make alternative written in Go",
      "install_id": "go-task",
      "license": "MIT",
      "locked_url": "https://github.com/flox/nixpkgs?rev=331800de5053fcebacf6813adb5db9c9dca22a0c",
      "name": "go-task-3.48.0",
      "pname": "go-task",
      "rev": "331800de5053fcebacf6813adb5db9c9dca22a0c",
      "rev_count": 1008282,
      "rev_date": "2026-05-31T16:09:29Z",
      "scrape_date": "2026-06-02T09:40:21.578825Z",
      "stabilities": [
        "staging",
        "unstable"
      ],
      "unfree": false,
      "version": "3.48.0",
      "outputs_to_install": [
        "out"
      ],
      "outputs": {
        "out": "/nix/store/6bafb6yz2861yxjljadd1m22v2gryl24-go-task-3.48.0"
      },
      "system": "aarch64-linux",
      "group": "toplevel",
      "priority": 5
    },
    {
      "attr_path": "go-task",
      "broken": false,
      "derivation": "/nix/store/ld2437x3giwpdyfb5svhzfgy229l35l5-go-task-3.48.0.drv",
      "description": "Task runner / simpler Make alternative written in Go",
      "install_id": "go-task",
      "license": "MIT",
      "locked_url": "https://github.com/flox/nixpkgs?rev=331800de5053fcebacf6813adb5db9c9dca22a0c",
      "name": "go-task-3.48.0",
      "pname": "go-task",
      "rev": "331800de5053fcebacf6813adb5db9c9dca22a0c",
      "rev_count": 1008282,
      "rev_date": "2026-05-31T16:09:29Z",
      "scrape_date": "2026-06-02T11:06:45.426748Z",
      "stabilities": [
        "staging",
        "unstable"
      ],
      "unfree": false,
      "version": "3.48.0",
      "outputs_to_install": [
        "out"
      ],
      "outputs": {
        "out": "/nix/store/ajlbzd5gnxrs1yki1sjf327rjx7qq060-go-task-3.48.0"
      },
      "system": "x86_64-linux",
      "group": "toplevel",
      "priority": 5
    }
  ]
}
